
Microsoft Visual Studio Solution File, Format Version 12.00
# Visual Studio Version 17
VisualStudioVersion = 17.2.32526.322
MinimumVisualStudioVersion = 10.0.40219.1
Project("{FAE04EC0-301F-11D3-BF4B-00C04F79EFBC}") = "Lesson_01_Example", "Lesson_01_Example\Lesson_01_Example.csproj", "{0C545FBC-4BA1-43BB-BA92-03308A84E789}"
EndProject
Project("{FAE04EC0-301F-11D3-BF4B-00C04F79EFBC}") = "Lesson01Ex1", "LabExercise 1\Lesson01Ex1.csproj", "{EBEEB346-7642-4E77-B47C-577819FF48AE}"
EndProject
Project("{FAE04EC0-301F-11D3-BF4B-00C04F79EFBC}") = "Lesson01Ex2", "LabExercise 2\Lesson01Ex2.csproj", "{4A10D498-48DB-4169-9C91-75FD4CD9083A}"
EndProject
Project("{FAE04EC0-301F-11D3-BF4B-00C04F79EFBC}") = "Lesson01Ex3", "Lesson01Ex3\Lesson01Ex3.csproj", "{C9084E9F-AF06-4FD7-A110-AA4698E972BF}"
EndProject
Global
	GlobalSection(SolutionConfigurationPlatforms) = preSolution
		Debug|Any CPU = Debug|Any CPU
		Release|Any CPU = Release|Any CPU
	EndGlobalSection
	GlobalSection(ProjectConfigurationPlatforms) = postSolution
		{0C545FBC-4BA1-43BB-BA92-03308A84E789}.Debug|Any CPU.ActiveCfg = Debug|Any CPU
		{0C545FBC-4BA1-43BB-BA92-03308A84E789}.Debug|Any CPU.Build.0 = Debug|Any CPU
		{0C545FBC-4BA1-43BB-BA92-03308A84E789}.Release|Any CPU.ActiveCfg = Release|Any CPU
		{0C545FBC-4BA1-43BB-BA92-03308A84E789}.Release|Any CPU.Build.0 = Release|Any CPU
		{EBEEB346-7642-4E77-B47C-577819FF48AE}.Debug|Any CPU.ActiveCfg = Debug|Any CPU
		{EBEEB346-7642-4E77-B47C-577819FF48AE}.Debug|Any CPU.Build.0 = Debug|Any CPU
		{EBEEB346-7642-4E77-B47C-577819FF48AE}.Release|Any CPU.ActiveCfg = Release|Any CPU
		{EBEEB346-7642-4E77-B47C-577819FF48AE}.Release|Any CPU.Build.0 = Release|Any CPU
		{4A10D498-48DB-4169-9C91-75FD4CD9083A}.Debug|Any CPU.ActiveCfg = Debug|Any CPU
		{4A10D498-48DB-4169-9C91-75FD4CD9083A}.Debug|Any CPU.Build.0 = Debug|Any CPU
		{4A10D498-48DB-4169-9C91-75FD4CD9083A}.Release|Any CPU.ActiveCfg = Release|Any CPU
		{4A10D498-48DB-4169-9C91-75FD4CD9083A}.Release|Any CPU.Build.0 = Release|Any CPU
		{C9084E9F-AF06-4FD7-A110-AA4698E972BF}.Debug|Any CPU.ActiveCfg = Debug|Any CPU
		{C9084E9F-AF06-4FD7-A110-AA4698E972BF}.Debug|Any CPU.Build.0 = Debug|Any CPU
		{C9084E9F-AF06-4FD7-A110-AA4698E972BF}.Release|Any CPU.ActiveCfg = Release|Any CPU
		{C9084E9F-AF06-4FD7-A110-AA4698E972BF}.Release|Any CPU.Build.0 = Release|Any CPU
	EndGlobalSection
	GlobalSection(SolutionProperties) = preSolution
		HideSolutionNode = FALSE
	EndGlobalSection
	GlobalSection(ExtensibilityGlobals) = postSolution
		SolutionGuid = {FC32C58D-B887-43A4-9E7D-4082674AC9DA}
	EndGlobalSection
EndGlobal
